
Microsoft Visual Studio Solution File, Format Version 12.00
# Visual Studio Version 16
VisualStudioVersion = 16.0.30509.190
MinimumVisualStudioVersion = 10.0.40219.1
Project("{FAE04EC0-301F-11D3-BF4B-00C04F79EFBC}") = "WF test", "WF test.csproj", "{4A5E215C-193D-4B63-BD3A-1DF931F6CFEE}"
EndProject
Global
	GlobalSection(SolutionConfigurationPlatforms) = preSolution
		Debug|Any CPU = Debug|Any CPU
		Release|Any CPU = Release|Any CPU
	EndGlobalSection
	GlobalSection(ProjectConfigurationPlatforms) = postSolution
		{4A5E215C-193D-4B63-BD3A-1DF931F6CFEE}.Debug|Any CPU.ActiveCfg = Debug|Any CPU
		{4A5E215C-193D-4B63-BD3A-1DF931F6CFEE}.Debug|Any CPU.Build.0 = Debug|Any CPU
		{4A5E215C-193D-4B63-BD3A-1DF931F6CFEE}.Release|Any CPU.ActiveCfg = Release|Any CPU
		{4A5E215C-193D-4B63-BD3A-1DF931F6CFEE}.Release|Any CPU.Build.0 = Release|Any CPU
	EndGlobalSection
	GlobalSection(SolutionProperties) = preSolution
		HideSolutionNode = FALSE
	EndGlobalSection
	GlobalSection(ExtensibilityGlobals) = postSolution
		SolutionGuid = {04146290-C914-4735-A711-DA09415EBBD4}
	EndGlobalSection
EndGlobal
